
Microsoft Visual Studio Solution File, Format Version 12.00
# Visual Studio 15
VisualStudioVersion = 15.0.28307.421
MinimumVisualStudioVersion = 10.0.40219.1
Project("{FAE04EC0-301F-11D3-BF4B-00C04F79EFBC}") = "ModelUsage", "ModelUsage\ModelUsage.csproj", "{37FCF313-DFD8-4FB0-BE2C-2DFDD1BE32BB}"
EndProject
Global
	GlobalSection(SolutionConfigurationPlatforms) = preSolution
		Debug|Any CPU = Debug|Any CPU
		Release|Any CPU = Release|Any CPU
	EndGlobalSection
	GlobalSection(ProjectConfigurationPlatforms) = postSolution
		{37FCF313-DFD8-4FB0-BE2C-2DFDD1BE32BB}.Debug|Any CPU.ActiveCfg = Debug|Any CPU
		{37FCF313-DFD8-4FB0-BE2C-2DFDD1BE32BB}.Debug|Any CPU.Build.0 = Debug|Any CPU
		{37FCF313-DFD8-4FB0-BE2C-2DFDD1BE32BB}.Release|Any CPU.ActiveCfg = Release|Any CPU
		{37FCF313-DFD8-4FB0-BE2C-2DFDD1BE32BB}.Release|Any CPU.Build.0 = Release|Any CPU
	EndGlobalSection
	GlobalSection(SolutionProperties) = preSolution
		HideSolutionNode = FALSE
	EndGlobalSection
	GlobalSection(ExtensibilityGlobals) = postSolution
		SolutionGuid = {F7396724-F4F5-4AB6-A1A2-DF896B05CA23}
	EndGlobalSection
EndGlobal
